
Microsoft Visual Studio Solution File, Format Version 12.00
# Visual Studio Version 17
VisualStudioVersion = 17.3.32825.248
MinimumVisualStudioVersion = 10.0.40219.1
Project("{FAE04EC0-301F-11D3-BF4B-00C04F79EFBC}") = "studdentdata", "studdentdata.csproj", "{C42C4F1D-B969-4176-AC79-F43FF66FD52B}"
EndProject
Global
	GlobalSection(SolutionConfigurationPlatforms) = preSolution
		Debug|Any CPU = Debug|Any CPU
		Release|Any CPU = Release|Any CPU
	EndGlobalSection
	GlobalSection(ProjectConfigurationPlatforms) = postSolution
		{C42C4F1D-B969-4176-AC79-F43FF66FD52B}.Debug|Any CPU.ActiveCfg = Debug|Any CPU
		{C42C4F1D-B969-4176-AC79-F43FF66FD52B}.Debug|Any CPU.Build.0 = Debug|Any CPU
		{C42C4F1D-B969-4176-AC79-F43FF66FD52B}.Release|Any CPU.ActiveCfg = Release|Any CPU
		{C42C4F1D-B969-4176-AC79-F43FF66FD52B}.Release|Any CPU.Build.0 = Release|Any CPU
	EndGlobalSection
	GlobalSection(SolutionProperties) = preSolution
		HideSolutionNode = FALSE
	EndGlobalSection
	GlobalSection(ExtensibilityGlobals) = postSolution
		SolutionGuid = {0BD93B53-4FF0-485B-9177-2C2D06EC2E36}
	EndGlobalSection
EndGlobal
